
Microsoft Visual Studio Solution File, Format Version 12.00
# Visual Studio Version 16
VisualStudioVersion = 16.0.30804.86
MinimumVisualStudioVersion = 10.0.40219.1
Project("{9092AA53-FB77-4645-B42D-1CCCA6BD08BD}") = "VuejsApp1", "VuejsApp1.njsproj", "{492BA8E0-BA04-42BF-B19B-6A3A17B05E31}"
EndProject
Global
	GlobalSection(SolutionConfigurationPlatforms) = preSolution
		Debug|Any CPU = Debug|Any CPU
		Release|Any CPU = Release|Any CPU
	EndGlobalSection
	GlobalSection(ProjectConfigurationPlatforms) = postSolution
		{492BA8E0-BA04-42BF-B19B-6A3A17B05E31}.Debug|Any CPU.ActiveCfg = Debug|Any CPU
		{492BA8E0-BA04-42BF-B19B-6A3A17B05E31}.Debug|Any CPU.Build.0 = Debug|Any CPU
		{492BA8E0-BA04-42BF-B19B-6A3A17B05E31}.Release|Any CPU.ActiveCfg = Release|Any CPU
		{492BA8E0-BA04-42BF-B19B-6A3A17B05E31}.Release|Any CPU.Build.0 = Release|Any CPU
	EndGlobalSection
	GlobalSection(SolutionProperties) = preSolution
		HideSolutionNode = FALSE
	EndGlobalSection
	GlobalSection(ExtensibilityGlobals) = postSolution
		SolutionGuid = {A5E109C7-64B6-479D-BC37-AA608F348B3C}
	EndGlobalSection
EndGlobal
